
Microsoft Visual Studio Solution File, Format Version 12.00
# Visual Studio Version 17
VisualStudioVersion = 17.3.32611.2
MinimumVisualStudioVersion = 10.0.40219.1
Project("{FAE04EC0-301F-11D3-BF4B-00C04F79EFBC}") = "Server", "Server\Server.csproj", "{C85A5D20-0E3F-41EA-AD3A-BBAAF650277A}"
EndProject
Project("{FAE04EC0-301F-11D3-BF4B-00C04F79EFBC}") = "Client", "Client\Client.csproj", "{089E40EF-DDD0-472E-AC4C-292F25DE1D79}"
EndProject
Project("{2150E333-8FDC-42A3-9474-1A3956D46DE8}") = "Solution Folder", "Solution Folder", "{49A560D9-565F-4DF1-90F4-4AC4338D658B}"
	ProjectSection(SolutionItems) = preProject
		.editorconfig = .editorconfig
		.gitignore = .gitignore
		README.md = README.md
	EndProjectSection
EndProject
Global
	GlobalSection(SolutionConfigurationPlatforms) = preSolution
		Debug|Any CPU = Debug|Any CPU
		Release|Any CPU = Release|Any CPU
	EndGlobalSection
	GlobalSection(ProjectConfigurationPlatforms) = postSolution
		{C85A5D20-0E3F-41EA-AD3A-BBAAF650277A}.Debug|Any CPU.ActiveCfg = Debug|Any CPU
		{C85A5D20-0E3F-41EA-AD3A-BBAAF650277A}.Debug|Any CPU.Build.0 = Debug|Any CPU
		{C85A5D20-0E3F-41EA-AD3A-BBAAF650277A}.Release|Any CPU.ActiveCfg = Release|Any CPU
		{C85A5D20-0E3F-41EA-AD3A-BBAAF650277A}.Release|Any CPU.Build.0 = Release|Any CPU
		{089E40EF-DDD0-472E-AC4C-292F25DE1D79}.Debug|Any CPU.ActiveCfg = Debug|Any CPU
		{089E40EF-DDD0-472E-AC4C-292F25DE1D79}.Debug|Any CPU.Build.0 = Debug|Any CPU
		{089E40EF-DDD0-472E-AC4C-292F25DE1D79}.Release|Any CPU.ActiveCfg = Release|Any CPU
		{089E40EF-DDD0-472E-AC4C-292F25DE1D79}.Release|Any CPU.Build.0 = Release|Any CPU
	EndGlobalSection
	GlobalSection(SolutionProperties) = preSolution
		HideSolutionNode = FALSE
	EndGlobalSection
	GlobalSection(ExtensibilityGlobals) = postSolution
		SolutionGuid = {7AAC2D48-3547-41FA-BBC7-97CE81000E56}
	EndGlobalSection
EndGlobal
